
Microsoft Visual Studio Solution File, Format Version 12.00
# Visual Studio 14
VisualStudioVersion = 14.0.25420.1
MinimumVisualStudioVersion = 10.0.40219.1
Project("{F184B08F-C81C-45F6-A57F-5ABD9991F28F}") = "database-ex1", "database-ex1\database-ex1.vbproj", "{01EFB3E8-1741-40FD-B43E-4A3DDE5682AA}"
EndProject
Global
	GlobalSection(SolutionConfigurationPlatforms) = preSolution
		Debug|Any CPU = Debug|Any CPU
		Release|Any CPU = Release|Any CPU
	EndGlobalSection
	GlobalSection(ProjectConfigurationPlatforms) = postSolution
		{01EFB3E8-1741-40FD-B43E-4A3DDE5682AA}.Debug|Any CPU.ActiveCfg = Debug|Any CPU
		{01EFB3E8-1741-40FD-B43E-4A3DDE5682AA}.Debug|Any CPU.Build.0 = Debug|Any CPU
		{01EFB3E8-1741-40FD-B43E-4A3DDE5682AA}.Release|Any CPU.ActiveCfg = Release|Any CPU
		{01EFB3E8-1741-40FD-B43E-4A3DDE5682AA}.Release|Any CPU.Build.0 = Release|Any CPU
	EndGlobalSection
	GlobalSection(SolutionProperties) = preSolution
		HideSolutionNode = FALSE
	EndGlobalSection
EndGlobal
